
Microsoft Visual Studio Solution File, Format Version 12.00
# Visual Studio Version 17
VisualStudioVersion = 17.7.34024.191
MinimumVisualStudioVersion = 10.0.40219.1
Project("{FAE04EC0-301F-11D3-BF4B-00C04F79EFBC}") = "BAGG202309.Alumnos", "BAGG202309.Alumnos\BAGG202309.Alumnos.csproj", "{2C2A4E78-52C6-48B7-9B5D-0072E2661C85}"
EndProject
Global
	GlobalSection(SolutionConfigurationPlatforms) = preSolution
		Debug|Any CPU = Debug|Any CPU
		Release|Any CPU = Release|Any CPU
	EndGlobalSection
	GlobalSection(ProjectConfigurationPlatforms) = postSolution
		{2C2A4E78-52C6-48B7-9B5D-0072E2661C85}.Debug|Any CPU.ActiveCfg = Debug|Any CPU
		{2C2A4E78-52C6-48B7-9B5D-0072E2661C85}.Debug|Any CPU.Build.0 = Debug|Any CPU
		{2C2A4E78-52C6-48B7-9B5D-0072E2661C85}.Release|Any CPU.ActiveCfg = Release|Any CPU
		{2C2A4E78-52C6-48B7-9B5D-0072E2661C85}.Release|Any CPU.Build.0 = Release|Any CPU
	EndGlobalSection
	GlobalSection(SolutionProperties) = preSolution
		HideSolutionNode = FALSE
	EndGlobalSection
	GlobalSection(ExtensibilityGlobals) = postSolution
		SolutionGuid = {614D164C-EBDB-49D0-940A-48FA75CB2414}
	EndGlobalSection
EndGlobal
