
Microsoft Visual Studio Solution File, Format Version 12.00
# Visual Studio Version 17
VisualStudioVersion = 17.7.34024.191
MinimumVisualStudioVersion = 10.0.40219.1
Project("{FAE04EC0-301F-11D3-BF4B-00C04F79EFBC}") = "AutenticacionCookiesControladores", "AutenticacionCookiesControladores\AutenticacionCookiesControladores.csproj", "{8AE475C1-61BD-4474-9403-7504BC12D7F9}"
EndProject
Global
	GlobalSection(SolutionConfigurationPlatforms) = preSolution
		Debug|Any CPU = Debug|Any CPU
		Release|Any CPU = Release|Any CPU
	EndGlobalSection
	GlobalSection(ProjectConfigurationPlatforms) = postSolution
		{8AE475C1-61BD-4474-9403-7504BC12D7F9}.Debug|Any CPU.ActiveCfg = Debug|Any CPU
		{8AE475C1-61BD-4474-9403-7504BC12D7F9}.Debug|Any CPU.Build.0 = Debug|Any CPU
		{8AE475C1-61BD-4474-9403-7504BC12D7F9}.Release|Any CPU.ActiveCfg = Release|Any CPU
		{8AE475C1-61BD-4474-9403-7504BC12D7F9}.Release|Any CPU.Build.0 = Release|Any CPU
	EndGlobalSection
	GlobalSection(SolutionProperties) = preSolution
		HideSolutionNode = FALSE
	EndGlobalSection
	GlobalSection(ExtensibilityGlobals) = postSolution
		SolutionGuid = {4B075C8B-A6D2-4752-A3A2-92340B5513F3}
	EndGlobalSection
EndGlobal
