
Microsoft Visual Studio Solution File, Format Version 12.00
# Visual Studio Version 17
VisualStudioVersion = 17.7.34024.191
MinimumVisualStudioVersion = 10.0.40219.1
Project("{FAE04EC0-301F-11D3-BF4B-00C04F79EFBC}") = "BAGG20230901.Proveedor", "BAGG20230901.Proveedor\BAGG20230901.Proveedor.csproj", "{D39E76F9-825F-48C2-BDBF-BDA1B5D4CA7F}"
EndProject
Global
	GlobalSection(SolutionConfigurationPlatforms) = preSolution
		Debug|Any CPU = Debug|Any CPU
		Release|Any CPU = Release|Any CPU
	EndGlobalSection
	GlobalSection(ProjectConfigurationPlatforms) = postSolution
		{D39E76F9-825F-48C2-BDBF-BDA1B5D4CA7F}.Debug|Any CPU.ActiveCfg = Debug|Any CPU
		{D39E76F9-825F-48C2-BDBF-BDA1B5D4CA7F}.Debug|Any CPU.Build.0 = Debug|Any CPU
		{D39E76F9-825F-48C2-BDBF-BDA1B5D4CA7F}.Release|Any CPU.ActiveCfg = Release|Any CPU
		{D39E76F9-825F-48C2-BDBF-BDA1B5D4CA7F}.Release|Any CPU.Build.0 = Release|Any CPU
	EndGlobalSection
	GlobalSection(SolutionProperties) = preSolution
		HideSolutionNode = FALSE
	EndGlobalSection
	GlobalSection(ExtensibilityGlobals) = postSolution
		SolutionGuid = {AE863455-30B8-4F24-80AF-A476E63BA6DE}
	EndGlobalSection
EndGlobal
